// !$*UTF8*$!
{
	archiveVersion = 1;
	classes = {
	};
	objectVersion = 46;
	objects = {

/* Begin PBXBuildFile section */
		A1DB0A0919DD9BA6003B3497 /* main.cpp in Sources */ = {isa = PBXBuildFile; fileRef = A1DB0A0819DD9BA6003B3497 /* main.cpp */; };
/* End PBXBuildFile section */

/* Begin PBXCopyFilesBuildPhase section */
		A1DB0A0319DD9BA6003B3497 /* CopyFiles */ = {
			isa = PBXCopyFilesBuildPhase;
			buildActionMask = 2147483647;
			dstPath = /usr/share/man/man1/;
			dstSubfolderSpec = 0;
			files = (
			);
			runOnlyForDeploymentPostprocessing = 1;
		};
/* End PBXCopyFilesBuildPhase section */

/* Begin PBXFileReference section */
		A14AE9DF1A036C0400A61B86 /* Tree.h */ = {isa = PBXFileReference; lastKnownFileType = sourcecode.c.h; path = Tree.h; sourceTree = "<group>"; };
		A1901FEF19F00CAC00EEE3FB /* Syntax.h */ = {isa = PBXFileReference; lastKnownFileType = sourcecode.c.h; path = Syntax.h; sourceTree = "<group>"; };
		A1AFA3741A2830D000069F4A /* LL1.h */ = {isa = PBXFileReference; lastKnownFileType = sourcecode.c.h; path = LL1.h; sourceTree = "<group>"; };
		A1DB0A0519DD9BA6003B3497 /* translator_cpp */ = {isa = PBXFileReference; explicitFileType = "compiled.mach-o.executable"; includeInIndex = 0; path = translator_cpp; sourceTree = BUILT_PRODUCTS_DIR; };
		A1DB0A0819DD9BA6003B3497 /* main.cpp */ = {isa = PBXFileReference; lastKnownFileType = sourcecode.cpp.cpp; path = main.cpp; sourceTree = "<group>"; };
		A1DB0A0F19DD9BCC003B3497 /* input.cpp */ = {isa = PBXFileReference; fileEncoding = 4; lastKnownFileType = sourcecode.cpp.cpp; path = input.cpp; sourceTree = "<group>"; };
		A1DB0A1019DD9BCC003B3497 /* TemplateIcon2x.png */ = {isa = PBXFileReference; lastKnownFileType = image.png; path = TemplateIcon2x.png; sourceTree = "<group>"; };
		A1DB0A1119DD9C6B003B3497 /* defs.h */ = {isa = PBXFileReference; lastKnownFileType = sourcecode.c.h; path = defs.h; sourceTree = "<group>"; };
		A1DB0A1219DDA1D1003B3497 /* Scanner.h */ = {isa = PBXFileReference; lastKnownFileType = sourcecode.c.h; path = Scanner.h; sourceTree = "<group>"; };
/* End PBXFileReference section */

/* Begin PBXFrameworksBuildPhase section */
		A1DB0A0219DD9BA6003B3497 /* Frameworks */ = {
			isa = PBXFrameworksBuildPhase;
			buildActionMask = 2147483647;
			files = (
			);
			runOnlyForDeploymentPostprocessing = 0;
		};
/* End PBXFrameworksBuildPhase section */

/* Begin PBXGroup section */
		A1DB09FC19DD9BA6003B3497 = {
			isa = PBXGroup;
			children = (
				A1DB0A0719DD9BA6003B3497 /* translator_cpp */,
				A1DB0A0619DD9BA6003B3497 /* Products */,
			);
			sourceTree = "<group>";
		};
		A1DB0A0619DD9BA6003B3497 /* Products */ = {
			isa = PBXGroup;
			children = (
				A1DB0A0519DD9BA6003B3497 /* translator_cpp */,
			);
			name = Products;
			sourceTree = "<group>";
		};
		A1DB0A0719DD9BA6003B3497 /* translator_cpp */ = {
			isa = PBXGroup;
			children = (
				A1DB0A0819DD9BA6003B3497 /* main.cpp */,
				A1DB0A0F19DD9BCC003B3497 /* input.cpp */,
				A1DB0A1019DD9BCC003B3497 /* TemplateIcon2x.png */,
				A1DB0A1119DD9C6B003B3497 /* defs.h */,
				A1DB0A1219DDA1D1003B3497 /* Scanner.h */,
				A1901FEF19F00CAC00EEE3FB /* Syntax.h */,
				A14AE9DF1A036C0400A61B86 /* Tree.h */,
				A1AFA3741A2830D000069F4A /* LL1.h */,
			);
			path = translator_cpp;
			sourceTree = "<group>";
		};
/* End PBXGroup section */

/* Begin PBXNativeTarget section */
		A1DB0A0419DD9BA6003B3497 /* translator_cpp */ = {
			isa = PBXNativeTarget;
			buildConfigurationList = A1DB0A0C19DD9BA6003B3497 /* Build configuration list for PBXNativeTarget "translator_cpp" */;
			buildPhases = (
				A1DB0A0119DD9BA6003B3497 /* Sources */,
				A1DB0A0219DD9BA6003B3497 /* Frameworks */,
				A1DB0A0319DD9BA6003B3497 /* CopyFiles */,
			);
			buildRules = (
			);
			dependencies = (
			);
			name = translator_cpp;
			productName = translator_cpp;
			productReference = A1DB0A0519DD9BA6003B3497 /* translator_cpp */;
			productType = "com.apple.product-type.tool";
		};
/* End PBXNativeTarget section */

/* Begin PBXProject section */
		A1DB09FD19DD9BA6003B3497 /* Project object */ = {
			isa = PBXProject;
			attributes = {
				LastUpgradeCheck = 0600;
				ORGANIZATIONNAME = "Дмитрий Некрасов";
				TargetAttributes = {
					A1DB0A0419DD9BA6003B3497 = {
						CreatedOnToolsVersion = 6.0.1;
					};
				};
			};
			buildConfigurationList = A1DB0A0019DD9BA6003B3497 /* Build configuration list for PBXProject "translator_cpp" */;
			compatibilityVersion = "Xcode 3.2";
			developmentRegion = English;
			hasScannedForEncodings = 0;
			knownRegions = (
				en,
			);
			mainGroup = A1DB09FC19DD9BA6003B3497;
			productRefGroup = A1DB0A0619DD9BA6003B3497 /* Products */;
			projectDirPath = "";
			projectRoot = "";
			targets = (
				A1DB0A0419DD9BA6003B3497 /* translator_cpp */,
			);
		};
/* End PBXProject section */

/* Begin PBXSourcesBuildPhase section */
		A1DB0A0119DD9BA6003B3497 /* Sources */ = {
			isa = PBXSourcesBuildPhase;
			buildActionMask = 2147483647;
			files = (
				A1DB0A0919DD9BA6003B3497 /* main.cpp in Sources */,
			);
			runOnlyForDeploymentPostprocessing = 0;
		};
/* End PBXSourcesBuildPhase section */

/* Begin XCBuildConfiguration section */
		A1DB0A0A19DD9BA6003B3497 /* Debug */ = {
			isa = XCBuildConfiguration;
			buildSettings = {
				ALWAYS_SEARCH_USER_PATHS = NO;
				CLANG_CXX_LANGUAGE_STANDARD = "gnu++0x";
				CLANG_CXX_LIBRARY = "libc++";
				CLANG_ENABLE_MODULES = YES;
				CLANG_ENABLE_OBJC_ARC = YES;
				CLANG_WARN_BOOL_CONVERSION = YES;
				CLANG_WARN_CONSTANT_CONVERSION = YES;
				CLANG_WARN_DIRECT_OBJC_ISA_USAGE = YES_ERROR;
				CLANG_WARN_EMPTY_BODY = YES;
				CLANG_WARN_ENUM_CONVERSION = YES;
				CLANG_WARN_INT_CONVERSION = YES;
				CLANG_WARN_OBJC_ROOT_CLASS = YES_ERROR;
				CLANG_WARN_UNREACHABLE_CODE = YES;
				CLANG_WARN__DUPLICATE_METHOD_MATCH = YES;
				COPY_PHASE_STRIP = NO;
				ENABLE_STRICT_OBJC_MSGSEND = YES;
				GCC_C_LANGUAGE_STANDARD = gnu99;
				GCC_DYNAMIC_NO_PIC = NO;
				GCC_OPTIMIZATION_LEVEL = 0;
				GCC_PREPROCESSOR_DEFINITIONS = (
					"DEBUG=1",
					"$(inherited)",
				);
				GCC_SYMBOLS_PRIVATE_EXTERN = NO;
				GCC_WARN_64_TO_32_BIT_CONVERSION = YES;
				GCC_WARN_ABOUT_RETURN_TYPE = YES_ERROR;
				GCC_WARN_UNDECLARED_SELECTOR = YES;
				GCC_WARN_UNINITIALIZED_AUTOS = YES_AGGRESSIVE;
				GCC_WARN_UNUSED_FUNCTION = YES;
				GCC_WARN_UNUSED_VARIABLE = YES;
				MACOSX_DEPLOYMENT_TARGET = 10.9;
				MTL_ENABLE_DEBUG_INFO = YES;
				ONLY_ACTIVE_ARCH = YES;
				SDKROOT = macosx;
			};
			name = Debug;
		};
		A1DB0A0B19DD9BA6003B3497 /* Release */ = {
			isa = XCBuildConfiguration;
			buildSettings = {
				ALWAYS_SEARCH_USER_PATHS = NO;
				CLANG_CXX_LANGUAGE_STANDARD = "gnu++0x";
				CLANG_CXX_LIBRARY = "libc++";
				CLANG_ENABLE_MODULES = YES;
				CLANG_ENABLE_OBJC_ARC = YES;
				CLANG_WARN_BOOL_CONVERSION = YES;
				CLANG_WARN_CONSTANT_CONVERSION = YES;
				CLANG_WARN_DIRECT_OBJC_ISA_USAGE = YES_ERROR;
				CLANG_WARN_EMPTY_BODY = YES;
				CLANG_WARN_ENUM_CONVERSION = YES;
				CLANG_WARN_INT_CONVERSION = YES;
				CLANG_WARN_OBJC_ROOT_CLASS = YES_ERROR;
				CLANG_WARN_UNREACHABLE_CODE = YES;
				CLANG_WARN__DUPLICATE_METHOD_MATCH = YES;
				COPY_PHASE_STRIP = YES;
				DEBUG_INFORMATION_FORMAT = "dwarf-with-dsym";
				ENABLE_NS_ASSERTIONS = NO;
				ENABLE_STRICT_OBJC_MSGSEND = YES;
				GCC_C_LANGUAGE_STANDARD = gnu99;
				GCC_WARN_64_TO_32_BIT_CONVERSION = YES;
				GCC_WARN_ABOUT_RETURN_TYPE = YES_ERROR;
				GCC_WARN_UNDECLARED_SELECTOR = YES;
				GCC_WARN_UNINITIALIZED_AUTOS = YES_AGGRESSIVE;
				GCC_WARN_UNUSED_FUNCTION = YES;
				GCC_WARN_UNUSED_VARIABLE = YES;
				MACOSX_DEPLOYMENT_TARGET = 10.9;
				MTL_ENABLE_DEBUG_INFO = NO;
				SDKROOT = macosx;
			};
			name = Release;
		};
		A1DB0A0D19DD9BA6003B3497 /* Debug */ = {
			isa = XCBuildConfiguration;
			buildSettings = {
				PRODUCT_NAME = "$(TARGET_NAME)";
			};
			name = Debug;
		};
		A1DB0A0E19DD9BA6003B3497 /* Release */ = {
			isa = XCBuildConfiguration;
			buildSettings = {
				PRODUCT_NAME = "$(TARGET_NAME)";
			};
			name = Release;
		};
/* End XCBuildConfiguration section */

/* Begin XCConfigurationList section */
		A1DB0A0019DD9BA6003B3497 /* Build configuration list for PBXProject "translator_cpp" */ = {
			isa = XCConfigurationList;
			buildConfigurations = (
				A1DB0A0A19DD9BA6003B3497 /* Debug */,
				A1DB0A0B19DD9BA6003B3497 /* Release */,
			);
			defaultConfigurationIsVisible = 0;
			defaultConfigurationName = Release;
		};
		A1DB0A0C19DD9BA6003B3497 /* Build configuration list for PBXNativeTarget "translator_cpp" */ = {
			isa = XCConfigurationList;
			buildConfigurations = (
				A1DB0A0D19DD9BA6003B3497 /* Debug */,
				A1DB0A0E19DD9BA6003B3497 /* Release */,
			);
			defaultConfigurationIsVisible = 0;
			defaultConfigurationName = Release;
		};
/* End XCConfigurationList section */
	};
	rootObject = A1DB09FD19DD9BA6003B3497 /* Project object */;
}
